{
  "name": "xtal-ball",
  "version": "0.0.0",
  "lockfileVersion": 1,
  "requires": true,
  "dependencies": {
    "@tarekraafat/autocomplete.js": {
      "version": "2.0.1",
      "resolved": "https://registry.npmjs.org/@tarekraafat/autocomplete.js/-/autocomplete.js-2.0.1.tgz",
      "integrity": "sha512-rxuaekk8+PfZaqOYeO+bL0MJ3VFcjQhaj3k1XuwnRxRlH9mHoh3VjqSaNPRzNIAbJI50fUYvoCZSrkcng+ghxA=="
    },
    "xtal-latx": {
      "version": "0.0.88",
      "resolved": "https://registry.npmjs.org/xtal-latx/-/xtal-latx-0.0.88.tgz",
      "integrity": "sha512-zkfvHGGKR5EeNbHKp5oMhNc9a8tl/IoxsxMlRqgEHjZ7rPW1zZFHn6Zdnhbq1NdWVVPhcw+9CbH/+5g+gExPjg=="
    }
  }
}
